# THIS IS AN AUTOGENERATED FILE. DO NOT EDIT THIS FILE DIRECTLY.
# yarn lockfile v1


"@dogstudio/highway@^2.1.2":
  version "2.1.2"
  resolved "https://registry.yarnpkg.com/@dogstudio/highway/-/highway-2.1.2.tgz#be09db1e2a98cc17c8e78ca4d3dd926455b58726"
  integrity sha512-5I6QpHk4RkteSLeP9NKXpRcSFb4dypys/Cjd09K+OCf0WyNM6FGH2Dg9m3wLF7HCrLD8YLMcZfluwcUBwxmg6w==
  dependencies:
    tiny-emitter "^2.0.2"

anymatch@^3.0.1:
  version "3.0.2"
  resolved "https://registry.yarnpkg.com/anymatch/-/anymatch-3.0.2.tgz#ddb3a8495d44875423af7b919aace11e91732a41"
  integrity sha512-rUe9SxpRQlVg4EM8It7JMNWWYHAirTPpbTuvaSKybb5IejNgWB3PGBBX9rrPKDx2pM/p3Wh+7+ASaWRyyAbxmQ==
  dependencies:
    normalize-path "^3.0.0"
    picomatch "^2.0.4"

async-each@^1.0.3:
  version "1.0.3"
  resolved "https://registry.yarnpkg.com/async-each/-/async-each-1.0.3.tgz#b727dbf87d7651602f06f4d4ac387f47d91b0cbf"
  integrity sha512-z/WhQ5FPySLdvREByI2vZiTWwCnF0moMJ1hK9YQwDTHKh6I7/uSckMetoRGb5UBZPC1z0jlw+n/XCgjeH7y1AQ==

binary-extensions@^2.0.0:
  version "2.0.0"
  resolved "https://registry.yarnpkg.com/binary-extensions/-/binary-extensions-2.0.0.tgz#23c0df14f6a88077f5f986c0d167ec03c3d5537c"
  integrity sha512-Phlt0plgpIIBOGTT/ehfFnbNlfsDEiqmzE2KRXoX1bLIlir4X/MR+zSyBEkL05ffWgnRSf/DXv+WrUAVr93/ow==

braces@^3.0.2:
  version "3.0.2"
  resolved "https://registry.yarnpkg.com/braces/-/braces-3.0.2.tgz#3454e1a462ee8d599e236df336cd9ea4f8afe107"
  integrity sha512-b8um+L1RzM3WDSzvhm6gIz1yfTbBt6YTlcEKAvsmqCZZFw46z626lVj9j1yEPW33H5H+lBQpZMP1k8l+78Ha0A==
  dependencies:
    fill-range "^7.0.1"

"chokidar@>=2.0.0 <4.0.0":
  version "3.0.1"
  resolved "https://registry.yarnpkg.com/chokidar/-/chokidar-3.0.1.tgz#98fe9aa476c55d9aea7841d6325ffdb30e95b40c"
  integrity sha512-2ww34sJWehnbpV0Q4k4V5Hh7juo7po6z7LUWkcIQnSGN1lHOL8GGtLtfwabKvLFQw/hbSUQ0u6V7OgGYgBzlkQ==
  dependencies:
    anymatch "^3.0.1"
    async-each "^1.0.3"
    braces "^3.0.2"
    glob-parent "^5.0.0"
    is-binary-path "^2.1.0"
    is-glob "^4.0.1"
    normalize-path "^3.0.0"
    readdirp "^3.0.2"
  optionalDependencies:
    fsevents "^2.0.6"

fill-range@^7.0.1:
  version "7.0.1"
  resolved "https://registry.yarnpkg.com/fill-range/-/fill-range-7.0.1.tgz#1919a6a7c75fe38b2c7c77e5198535da9acdda40"
  integrity sha512-qOo9F+dMUmC2Lcb4BbVvnKJxTPjCm+RRpe4gDuGrzkL7mEVl/djYSu2OdQ2Pa302N4oqkSg9ir6jaLWJ2USVpQ==
  dependencies:
    to-regex-range "^5.0.1"

fsevents@^2.0.6:
  version "2.0.7"
  resolved "https://registry.yarnpkg.com/fsevents/-/fsevents-2.0.7.tgz#382c9b443c6cbac4c57187cdda23aa3bf1ccfc2a"
  integrity sha512-a7YT0SV3RB+DjYcppwVDLtn13UQnmg0SWZS7ezZD0UjnLwXmy8Zm21GMVGLaFGimIqcvyMQaOJBrop8MyOp1kQ==

glob-parent@^5.0.0:
  version "5.1.2"
  resolved "https://registry.yarnpkg.com/glob-parent/-/glob-parent-5.1.2.tgz#869832c58034fe68a4093c17dc15e8340d8401c4"
  integrity sha512-AOIgSQCepiJYwP3ARnGx+5VnTu2HBYdzbGP45eLw1vr3zB3vZLeyed1sC9hnbcOc9/SrMyM5RPQrkGz4aS9Zow==
  dependencies:
    is-glob "^4.0.1"

gsap@^2.1.3:
  version "2.1.3"
  resolved "https://registry.yarnpkg.com/gsap/-/gsap-2.1.3.tgz#c63ee3a50f0b7dc3b46ed0845bb0f09049feb944"
  integrity sha512-8RFASCqi2FOCBuv7X4o7M6bLdy+1hbR0azg+MG7zz+EVsI+OmJblYsTk0GEepQd2Jg/ItMPiVTibF7r3EVxjZQ==

is-binary-path@^2.1.0:
  version "2.1.0"
  resolved "https://registry.yarnpkg.com/is-binary-path/-/is-binary-path-2.1.0.tgz#ea1f7f3b80f064236e83470f86c09c254fb45b09"
  integrity sha512-ZMERYes6pDydyuGidse7OsHxtbI7WVeUEozgR/g7rd0xUimYNlvZRE/K2MgZTjWy725IfelLeVcEM97mmtRGXw==
  dependencies:
    binary-extensions "^2.0.0"

is-extglob@^2.1.1:
  version "2.1.1"
  resolved "https://registry.yarnpkg.com/is-extglob/-/is-extglob-2.1.1.tgz#a88c02535791f02ed37c76a1b9ea9773c833f8c2"
  integrity sha1-qIwCU1eR8C7TfHahueqXc8gz+MI=

is-glob@^4.0.1:
  version "4.0.1"
  resolved "https://registry.yarnpkg.com/is-glob/-/is-glob-4.0.1.tgz#7567dbe9f2f5e2467bc77ab83c4a29482407a5dc"
  integrity sha512-5G0tKtBTFImOqDnLB2hG6Bp2qcKEFduo4tZu9MT/H6NQv/ghhy30o55ufafxJ/LdH79LLs2Kfrn85TLKyA7BUg==
  dependencies:
    is-extglob "^2.1.1"

is-number@^7.0.0:
  version "7.0.0"
  resolved "https://registry.yarnpkg.com/is-number/-/is-number-7.0.0.tgz#7535345b896734d5f80c4d06c50955527a14f12b"
  integrity sha512-41Cifkg6e8TylSpdtTpeLVMqvSBEVzTttHvERD741+pnZ8ANv0004MRL43QKPDlK9cGvNp6NZWZUBlbGXYxxng==

normalize-path@^3.0.0:
  version "3.0.0"
  resolved "https://registry.yarnpkg.com/normalize-path/-/normalize-path-3.0.0.tgz#0dcd69ff23a1c9b11fd0978316644a0388216a65"
  integrity sha512-6eZs5Ls3WtCisHWp9S2GUy8dqkpGi4BVSz3GaqiE6ezub0512ESztXUwUB6C6IKbQkY2Pnb/mD4WYojCRwcwLA==

picomatch@^2.0.4:
  version "2.0.7"
  resolved "https://registry.yarnpkg.com/picomatch/-/picomatch-2.0.7.tgz#514169d8c7cd0bdbeecc8a2609e34a7163de69f6"
  integrity sha512-oLHIdio3tZ0qH76NybpeneBhYVj0QFTfXEFTc/B3zKQspYfYYkWYgFsmzo+4kvId/bQRcNkVeguI3y+CD22BtA==

readdirp@^3.0.2:
  version "3.0.2"
  resolved "https://registry.yarnpkg.com/readdirp/-/readdirp-3.0.2.tgz#cba63348e9e42fc1bd334b1d2ef895b6a043cbd6"
  integrity sha512-LbyJYv48eywrhOlScq16H/VkCiGKGPC2TpOdZCJ7QXnYEjn3NN/Oblh8QEU3vqfSRBB7OGvh5x45NKiVeNujIQ==
  dependencies:
    picomatch "^2.0.4"

sass@^1.22.3:
  version "1.22.3"
  resolved "https://registry.yarnpkg.com/sass/-/sass-1.22.3.tgz#b3591191ab0f3caece39ed9384c90caccacf471c"
  integrity sha512-9ECcSAEgGStxZkpOCT+Z8F6jEJq+jjPonxgX52QVNeJbRL1CmrjN9qcoO78gob6M1bY4ocGVwPWjGDNMeOgvbg==
  dependencies:
    chokidar ">=2.0.0 <4.0.0"

tiny-emitter@^2.0.2:
  version "2.1.0"
  resolved "https://registry.yarnpkg.com/tiny-emitter/-/tiny-emitter-2.1.0.tgz#1d1a56edfc51c43e863cbb5382a72330e3555423"
  integrity sha512-NB6Dk1A9xgQPMoGqC5CVXn123gWyte215ONT5Pp5a0yt4nlEoO1ZWeCwpncaekPHXO60i47ihFnZPiRPjRMq4Q==

to-regex-range@^5.0.1:
  version "5.0.1"
  resolved "https://registry.yarnpkg.com/to-regex-range/-/to-regex-range-5.0.1.tgz#1648c44aae7c8d988a326018ed72f5b4dd0392e4"
  integrity sha512-65P7iz6X5yEr1cwcgvQxbbIw7Uk3gOy5dIdtZ4rDveLqhrdJP+Li/Hx6tyK0NEb+2GCyneCMJiGqrADCSNk8sQ==
  dependencies:
    is-number "^7.0.0"
